
Microsoft Visual Studio Solution File, Format Version 12.00
# Visual Studio Version 16
VisualStudioVersion = 16.0.29215.179
MinimumVisualStudioVersion = 10.0.40219.1
Project("{FAE04EC0-301F-11D3-BF4B-00C04F79EFBC}") = "Simple Paint", "Simple Paint\Simple Paint.csproj", "{805CA6A0-FC80-42A4-8217-77A7199E5E0C}"
EndProject
Global
	GlobalSection(SolutionConfigurationPlatforms) = preSolution
		Debug|Any CPU = Debug|Any CPU
		Release|Any CPU = Release|Any CPU
	EndGlobalSection
	GlobalSection(ProjectConfigurationPlatforms) = postSolution
		{805CA6A0-FC80-42A4-8217-77A7199E5E0C}.Debug|Any CPU.ActiveCfg = Debug|Any CPU
		{805CA6A0-FC80-42A4-8217-77A7199E5E0C}.Debug|Any CPU.Build.0 = Debug|Any CPU
		{805CA6A0-FC80-42A4-8217-77A7199E5E0C}.Release|Any CPU.ActiveCfg = Release|Any CPU
		{805CA6A0-FC80-42A4-8217-77A7199E5E0C}.Release|Any CPU.Build.0 = Release|Any CPU
	EndGlobalSection
	GlobalSection(SolutionProperties) = preSolution
		HideSolutionNode = FALSE
	EndGlobalSection
	GlobalSection(ExtensibilityGlobals) = postSolution
		SolutionGuid = {EE978110-B7BC-4218-9F08-B956831AFF97}
	EndGlobalSection
EndGlobal
